
Microsoft Visual Studio Solution File, Format Version 12.00
# Visual Studio 15
VisualStudioVersion = 15.0.26730.12
MinimumVisualStudioVersion = 10.0.40219.1
Project("{FAE04EC0-301F-11D3-BF4B-00C04F79EFBC}") = "QueueDemoApp", "QueueDemoApp\QueueDemoApp.csproj", "{176A1D6E-0729-4C89-9AEE-16BA5B8956ED}"
EndProject
Project("{FAE04EC0-301F-11D3-BF4B-00C04F79EFBC}") = "MessagingServer", "..\MessagingServer\MessagingServer\MessagingServer.csproj", "{F06F8F68-0587-4F27-80A0-B1A8D9DE6EE6}"
EndProject
Global
	GlobalSection(SolutionConfigurationPlatforms) = preSolution
		Debug|Any CPU = Debug|Any CPU
		Release|Any CPU = Release|Any CPU
	EndGlobalSection
	GlobalSection(ProjectConfigurationPlatforms) = postSolution
		{176A1D6E-0729-4C89-9AEE-16BA5B8956ED}.Debug|Any CPU.ActiveCfg = Debug|Any CPU
		{176A1D6E-0729-4C89-9AEE-16BA5B8956ED}.Debug|Any CPU.Build.0 = Debug|Any CPU
		{176A1D6E-0729-4C89-9AEE-16BA5B8956ED}.Release|Any CPU.ActiveCfg = Release|Any CPU
		{176A1D6E-0729-4C89-9AEE-16BA5B8956ED}.Release|Any CPU.Build.0 = Release|Any CPU
		{F06F8F68-0587-4F27-80A0-B1A8D9DE6EE6}.Debug|Any CPU.ActiveCfg = Debug|Any CPU
		{F06F8F68-0587-4F27-80A0-B1A8D9DE6EE6}.Debug|Any CPU.Build.0 = Debug|Any CPU
		{F06F8F68-0587-4F27-80A0-B1A8D9DE6EE6}.Release|Any CPU.ActiveCfg = Release|Any CPU
		{F06F8F68-0587-4F27-80A0-B1A8D9DE6EE6}.Release|Any CPU.Build.0 = Release|Any CPU
	EndGlobalSection
	GlobalSection(SolutionProperties) = preSolution
		HideSolutionNode = FALSE
	EndGlobalSection
	GlobalSection(ExtensibilityGlobals) = postSolution
		SolutionGuid = {FEDCAC25-5789-4326-A0EA-ED790F1C507E}
	EndGlobalSection
EndGlobal
